
Microsoft Visual Studio Solution File, Format Version 12.00
# Visual Studio Version 16
VisualStudioVersion = 16.0.31624.102
MinimumVisualStudioVersion = 10.0.40219.1
Project("{FAE04EC0-301F-11D3-BF4B-00C04F79EFBC}") = "SalesWebMvc", "SalesWebMvc\SalesWebMvc.csproj", "{EBF2AB15-3C21-46D3-9676-4F15FD758E4F}"
EndProject
Global
	GlobalSection(SolutionConfigurationPlatforms) = preSolution
		Debug|Any CPU = Debug|Any CPU
		Release|Any CPU = Release|Any CPU
	EndGlobalSection
	GlobalSection(ProjectConfigurationPlatforms) = postSolution
		{EBF2AB15-3C21-46D3-9676-4F15FD758E4F}.Debug|Any CPU.ActiveCfg = Debug|Any CPU
		{EBF2AB15-3C21-46D3-9676-4F15FD758E4F}.Debug|Any CPU.Build.0 = Debug|Any CPU
		{EBF2AB15-3C21-46D3-9676-4F15FD758E4F}.Release|Any CPU.ActiveCfg = Release|Any CPU
		{EBF2AB15-3C21-46D3-9676-4F15FD758E4F}.Release|Any CPU.Build.0 = Release|Any CPU
	EndGlobalSection
	GlobalSection(SolutionProperties) = preSolution
		HideSolutionNode = FALSE
	EndGlobalSection
	GlobalSection(ExtensibilityGlobals) = postSolution
		SolutionGuid = {8D0BF152-F371-4EA9-A160-6FD22B233E07}
	EndGlobalSection
EndGlobal
